// !$*UTF8*$!
{
	archiveVersion = 1;
	classes = {
	};
	objectVersion = 46;
	objects = {

/* Begin PBXBuildFile section */
		4811E93D1D52E64500779086 /* AppDelegate.swift in Sources */ = {isa = PBXBuildFile; fileRef = 4811E93C1D52E64500779086 /* AppDelegate.swift */; };
		4811E93F1D52E64500779086 /* ViewController.swift in Sources */ = {isa = PBXBuildFile; fileRef = 4811E93E1D52E64500779086 /* ViewController.swift */; };
		4811E9421D52E64500779086 /* Main.storyboard in Resources */ = {isa = PBXBuildFile; fileRef = 4811E9401D52E64500779086 /* Main.storyboard */; };
		4811E9441D52E64500779086 /* Assets.xcassets in Resources */ = {isa = PBXBuildFile; fileRef = 4811E9431D52E64500779086 /* Assets.xcassets */; };
		4811E9471D52E64500779086 /* LaunchScreen.storyboard in Resources */ = {isa = PBXBuildFile; fileRef = 4811E9451D52E64500779086 /* LaunchScreen.storyboard */; };
		4811E94F1D52E71F00779086 /* UserDefaultsHelper.swift in Sources */ = {isa = PBXBuildFile; fileRef = 4811E94E1D52E71F00779086 /* UserDefaultsHelper.swift */; };
		4811E9511D52F1CF00779086 /* ObjectToSave.swift in Sources */ = {isa = PBXBuildFile; fileRef = 4811E9501D52F1CF00779086 /* ObjectToSave.swift */; };
		4811E9531D52F65E00779086 /* UserSettings.swift in Sources */ = {isa = PBXBuildFile; fileRef = 4811E9521D52F65E00779086 /* UserSettings.swift */; };
/* End PBXBuildFile section */

/* Begin PBXFileReference section */
		4811E9391D52E64500779086 /* Saving Locally.app */ = {isa = PBXFileReference; explicitFileType = wrapper.application; includeInIndex = 0; path = "Saving Locally.app"; sourceTree = BUILT_PRODUCTS_DIR; };
		4811E93C1D52E64500779086 /* AppDelegate.swift */ = {isa = PBXFileReference; lastKnownFileType = sourcecode.swift; path = AppDelegate.swift; sourceTree = "<group>"; };
		4811E93E1D52E64500779086 /* ViewController.swift */ = {isa = PBXFileReference; lastKnownFileType = sourcecode.swift; path = ViewController.swift; sourceTree = "<group>"; };
		4811E9411D52E64500779086 /* Base */ = {isa = PBXFileReference; lastKnownFileType = file.storyboard; name = Base; path = Base.lproj/Main.storyboard; sourceTree = "<group>"; };
		4811E9431D52E64500779086 /* Assets.xcassets */ = {isa = PBXFileReference; lastKnownFileType = folder.assetcatalog; path = Assets.xcassets; sourceTree = "<group>"; };
		4811E9461D52E64500779086 /* Base */ = {isa = PBXFileReference; lastKnownFileType = file.storyboard; name = Base; path = Base.lproj/LaunchScreen.storyboard; sourceTree = "<group>"; };
		4811E9481D52E64500779086 /* Info.plist */ = {isa = PBXFileReference; lastKnownFileType = text.plist.xml; path = Info.plist; sourceTree = "<group>"; };
		4811E94E1D52E71F00779086 /* UserDefaultsHelper.swift */ = {isa = PBXFileReference; fileEncoding = 4; lastKnownFileType = sourcecode.swift; path = UserDefaultsHelper.swift; sourceTree = "<group>"; };
		4811E9501D52F1CF00779086 /* ObjectToSave.swift */ = {isa = PBXFileReference; fileEncoding = 4; lastKnownFileType = sourcecode.swift; path = ObjectToSave.swift; sourceTree = "<group>"; };
		4811E9521D52F65E00779086 /* UserSettings.swift */ = {isa = PBXFileReference; fileEncoding = 4; lastKnownFileType = sourcecode.swift; path = UserSettings.swift; sourceTree = "<group>"; };
/* End PBXFileReference section */

/* Begin PBXFrameworksBuildPhase section */
		4811E9361D52E64500779086 /* Frameworks */ = {
			isa = PBXFrameworksBuildPhase;
			buildActionMask = 2147483647;
			files = (
			);
			runOnlyForDeploymentPostprocessing = 0;
		};
/* End PBXFrameworksBuildPhase section */

/* Begin PBXGroup section */
		4811E9301D52E64500779086 = {
			isa = PBXGroup;
			children = (
				4811E93B1D52E64500779086 /* Saving Locally */,
				4811E93A1D52E64500779086 /* Products */,
			);
			sourceTree = "<group>";
		};
		4811E93A1D52E64500779086 /* Products */ = {
			isa = PBXGroup;
			children = (
				4811E9391D52E64500779086 /* Saving Locally.app */,
			);
			name = Products;
			sourceTree = "<group>";
		};
		4811E93B1D52E64500779086 /* Saving Locally */ = {
			isa = PBXGroup;
			children = (
				4811E93C1D52E64500779086 /* AppDelegate.swift */,
				4811E93E1D52E64500779086 /* ViewController.swift */,
				4811E9401D52E64500779086 /* Main.storyboard */,
				4811E9431D52E64500779086 /* Assets.xcassets */,
				4811E9451D52E64500779086 /* LaunchScreen.storyboard */,
				4811E9481D52E64500779086 /* Info.plist */,
				4811E94E1D52E71F00779086 /* UserDefaultsHelper.swift */,
				4811E9501D52F1CF00779086 /* ObjectToSave.swift */,
				4811E9521D52F65E00779086 /* UserSettings.swift */,
			);
			path = "Saving Locally";
			sourceTree = "<group>";
		};
/* End PBXGroup section */

/* Begin PBXNativeTarget section */
		4811E9381D52E64500779086 /* Saving Locally */ = {
			isa = PBXNativeTarget;
			buildConfigurationList = 4811E94B1D52E64500779086 /* Build configuration list for PBXNativeTarget "Saving Locally" */;
			buildPhases = (
				4811E9351D52E64500779086 /* Sources */,
				4811E9361D52E64500779086 /* Frameworks */,
				4811E9371D52E64500779086 /* Resources */,
			);
			buildRules = (
			);
			dependencies = (
			);
			name = "Saving Locally";
			productName = "Saving Locally";
			productReference = 4811E9391D52E64500779086 /* Saving Locally.app */;
			productType = "com.apple.product-type.application";
		};
/* End PBXNativeTarget section */

/* Begin PBXProject section */
		4811E9311D52E64500779086 /* Project object */ = {
			isa = PBXProject;
			attributes = {
				LastSwiftUpdateCheck = 0730;
				LastUpgradeCheck = 0730;
				ORGANIZATIONNAME = "Learn Swift LA";
				TargetAttributes = {
					4811E9381D52E64500779086 = {
						CreatedOnToolsVersion = 7.3.1;
						LastSwiftMigration = 0820;
					};
				};
			};
			buildConfigurationList = 4811E9341D52E64500779086 /* Build configuration list for PBXProject "Saving Locally" */;
			compatibilityVersion = "Xcode 3.2";
			developmentRegion = English;
			hasScannedForEncodings = 0;
			knownRegions = (
				en,
				Base,
			);
			mainGroup = 4811E9301D52E64500779086;
			productRefGroup = 4811E93A1D52E64500779086 /* Products */;
			projectDirPath = "";
			projectRoot = "";
			targets = (
				4811E9381D52E64500779086 /* Saving Locally */,
			);
		};
/* End PBXProject section */

/* Begin PBXResourcesBuildPhase section */
		4811E9371D52E64500779086 /* Resources */ = {
			isa = PBXResourcesBuildPhase;
			buildActionMask = 2147483647;
			files = (
				4811E9471D52E64500779086 /* LaunchScreen.storyboard in Resources */,
				4811E9441D52E64500779086 /* Assets.xcassets in Resources */,
				4811E9421D52E64500779086 /* Main.storyboard in Resources */,
			);
			runOnlyForDeploymentPostprocessing = 0;
		};
/* End PBXResourcesBuildPhase section */

/* Begin PBXSourcesBuildPhase section */
		4811E9351D52E64500779086 /* Sources */ = {
			isa = PBXSourcesBuildPhase;
			buildActionMask = 2147483647;
			files = (
				4811E94F1D52E71F00779086 /* UserDefaultsHelper.swift in Sources */,
				4811E93F1D52E64500779086 /* ViewController.swift in Sources */,
				4811E9511D52F1CF00779086 /* ObjectToSave.swift in Sources */,
				4811E9531D52F65E00779086 /* UserSettings.swift in Sources */,
				4811E93D1D52E64500779086 /* AppDelegate.swift in Sources */,
			);
			runOnlyForDeploymentPostprocessing = 0;
		};
/* End PBXSourcesBuildPhase section */

/* Begin PBXVariantGroup section */
		4811E9401D52E64500779086 /* Main.storyboard */ = {
			isa = PBXVariantGroup;
			children = (
				4811E9411D52E64500779086 /* Base */,
			);
			name = Main.storyboard;
			sourceTree = "<group>";
		};
		4811E9451D52E64500779086 /* LaunchScreen.storyboard */ = {
			isa = PBXVariantGroup;
			children = (
				4811E9461D52E64500779086 /* Base */,
			);
			name = LaunchScreen.storyboard;
			sourceTree = "<group>";
		};
/* End PBXVariantGroup section */

/* Begin XCBuildConfiguration section */
		4811E9491D52E64500779086 /* Debug */ = {
			isa = XCBuildConfiguration;
			buildSettings = {
				ALWAYS_SEARCH_USER_PATHS = NO;
				CLANG_ANALYZER_NONNULL = YES;
				CLANG_CXX_LANGUAGE_STANDARD = "gnu++0x";
				CLANG_CXX_LIBRARY = "libc++";
				CLANG_ENABLE_MODULES = YES;
				CLANG_ENABLE_OBJC_ARC = YES;
				CLANG_WARN_BOOL_CONVERSION = YES;
				CLANG_WARN_CONSTANT_CONVERSION = YES;
				CLANG_WARN_DIRECT_OBJC_ISA_USAGE = YES_ERROR;
				CLANG_WARN_EMPTY_BODY = YES;
				CLANG_WARN_ENUM_CONVERSION = YES;
				CLANG_WARN_INT_CONVERSION = YES;
				CLANG_WARN_OBJC_ROOT_CLASS = YES_ERROR;
				CLANG_WARN_UNREACHABLE_CODE = YES;
				CLANG_WARN__DUPLICATE_METHOD_MATCH = YES;
				"CODE_SIGN_IDENTITY[sdk=iphoneos*]" = "iPhone Developer";
				COPY_PHASE_STRIP = NO;
				DEBUG_INFORMATION_FORMAT = dwarf;
				ENABLE_STRICT_OBJC_MSGSEND = YES;
				ENABLE_TESTABILITY = YES;
				GCC_C_LANGUAGE_STANDARD = gnu99;
				GCC_DYNAMIC_NO_PIC = NO;
				GCC_NO_COMMON_BLOCKS = YES;
				GCC_OPTIMIZATION_LEVEL = 0;
				GCC_PREPROCESSOR_DEFINITIONS = (
					"DEBUG=1",
					"$(inherited)",
				);
				GCC_WARN_64_TO_32_BIT_CONVERSION = YES;
				GCC_WARN_ABOUT_RETURN_TYPE = YES_ERROR;
				GCC_WARN_UNDECLARED_SELECTOR = YES;
				GCC_WARN_UNINITIALIZED_AUTOS = YES_AGGRESSIVE;
				GCC_WARN_UNUSED_FUNCTION = YES;
				GCC_WARN_UNUSED_VARIABLE = YES;
				IPHONEOS_DEPLOYMENT_TARGET = 9.3;
				MTL_ENABLE_DEBUG_INFO = YES;
				ONLY_ACTIVE_ARCH = YES;
				SDKROOT = iphoneos;
				SWIFT_OPTIMIZATION_LEVEL = "-Onone";
				TARGETED_DEVICE_FAMILY = "1,2";
			};
			name = Debug;
		};
		4811E94A1D52E64500779086 /* Release */ = {
			isa = XCBuildConfiguration;
			buildSettings = {
				ALWAYS_SEARCH_USER_PATHS = NO;
				CLANG_ANALYZER_NONNULL = YES;
				CLANG_CXX_LANGUAGE_STANDARD = "gnu++0x";
				CLANG_CXX_LIBRARY = "libc++";
				CLANG_ENABLE_MODULES = YES;
				CLANG_ENABLE_OBJC_ARC = YES;
				CLANG_WARN_BOOL_CONVERSION = YES;
				CLANG_WARN_CONSTANT_CONVERSION = YES;
				CLANG_WARN_DIRECT_OBJC_ISA_USAGE = YES_ERROR;
				CLANG_WARN_EMPTY_BODY = YES;
				CLANG_WARN_ENUM_CONVERSION = YES;
				CLANG_WARN_INT_CONVERSION = YES;
				CLANG_WARN_OBJC_ROOT_CLASS = YES_ERROR;
				CLANG_WARN_UNREACHABLE_CODE = YES;
				CLANG_WARN__DUPLICATE_METHOD_MATCH = YES;
				"CODE_SIGN_IDENTITY[sdk=iphoneos*]" = "iPhone Developer";
				COPY_PHASE_STRIP = NO;
				DEBUG_INFORMATION_FORMAT = "dwarf-with-dsym";
				ENABLE_NS_ASSERTIONS = NO;
				ENABLE_STRICT_OBJC_MSGSEND = YES;
				GCC_C_LANGUAGE_STANDARD = gnu99;
				GCC_NO_COMMON_BLOCKS = YES;
				GCC_WARN_64_TO_32_BIT_CONVERSION = YES;
				GCC_WARN_ABOUT_RETURN_TYPE = YES_ERROR;
				GCC_WARN_UNDECLARED_SELECTOR = YES;
				GCC_WARN_UNINITIALIZED_AUTOS = YES_AGGRESSIVE;
				GCC_WARN_UNUSED_FUNCTION = YES;
				GCC_WARN_UNUSED_VARIABLE = YES;
				IPHONEOS_DEPLOYMENT_TARGET = 9.3;
				MTL_ENABLE_DEBUG_INFO = NO;
				SDKROOT = iphoneos;
				TARGETED_DEVICE_FAMILY = "1,2";
				VALIDATE_PRODUCT = YES;
			};
			name = Release;
		};
		4811E94C1D52E64500779086 /* Debug */ = {
			isa = XCBuildConfiguration;
			buildSettings = {
				ASSETCATALOG_COMPILER_APPICON_NAME = AppIcon;
				INFOPLIST_FILE = "Saving Locally/Info.plist";
				LD_RUNPATH_SEARCH_PATHS = "$(inherited) @executable_path/Frameworks";
				PRODUCT_BUNDLE_IDENTIFIER = "com.LearnSwiftLA.Saving-Locally";
				PRODUCT_NAME = "$(TARGET_NAME)";
				SWIFT_VERSION = 3.0;
			};
			name = Debug;
		};
		4811E94D1D52E64500779086 /* Release */ = {
			isa = XCBuildConfiguration;
			buildSettings = {
				ASSETCATALOG_COMPILER_APPICON_NAME = AppIcon;
				INFOPLIST_FILE = "Saving Locally/Info.plist";
				LD_RUNPATH_SEARCH_PATHS = "$(inherited) @executable_path/Frameworks";
				PRODUCT_BUNDLE_IDENTIFIER = "com.LearnSwiftLA.Saving-Locally";
				PRODUCT_NAME = "$(TARGET_NAME)";
				SWIFT_VERSION = 3.0;
			};
			name = Release;
		};
/* End XCBuildConfiguration section */

/* Begin XCConfigurationList section */
		4811E9341D52E64500779086 /* Build configuration list for PBXProject "Saving Locally" */ = {
			isa = XCConfigurationList;
			buildConfigurations = (
				4811E9491D52E64500779086 /* Debug */,
				4811E94A1D52E64500779086 /* Release */,
			);
			defaultConfigurationIsVisible = 0;
			defaultConfigurationName = Release;
		};
		4811E94B1D52E64500779086 /* Build configuration list for PBXNativeTarget "Saving Locally" */ = {
			isa = XCConfigurationList;
			buildConfigurations = (
				4811E94C1D52E64500779086 /* Debug */,
				4811E94D1D52E64500779086 /* Release */,
			);
			defaultConfigurationIsVisible = 0;
			defaultConfigurationName = Release;
		};
/* End XCConfigurationList section */
	};
	rootObject = 4811E9311D52E64500779086 /* Project object */;
}
